
Microsoft Visual Studio Solution File, Format Version 12.00
# Visual Studio Version 17
VisualStudioVersion = 17.5.33516.290
MinimumVisualStudioVersion = 10.0.40219.1
Project("{9A19103F-16F7-4668-BE54-9A1E7A4F7556}") = "MovieService", "Movie\MovieService.csproj", "{0EFA274A-C6BB-49E5-9DC6-43F5BA17F41A}"
EndProject
Global
	GlobalSection(SolutionConfigurationPlatforms) = preSolution
		Debug|Any CPU = Debug|Any CPU
		Release|Any CPU = Release|Any CPU
	EndGlobalSection
	GlobalSection(ProjectConfigurationPlatforms) = postSolution
		{0EFA274A-C6BB-49E5-9DC6-43F5BA17F41A}.Debug|Any CPU.ActiveCfg = Debug|Any CPU
		{0EFA274A-C6BB-49E5-9DC6-43F5BA17F41A}.Debug|Any CPU.Build.0 = Debug|Any CPU
		{0EFA274A-C6BB-49E5-9DC6-43F5BA17F41A}.Release|Any CPU.ActiveCfg = Release|Any CPU
		{0EFA274A-C6BB-49E5-9DC6-43F5BA17F41A}.Release|Any CPU.Build.0 = Release|Any CPU
	EndGlobalSection
	GlobalSection(SolutionProperties) = preSolution
		HideSolutionNode = FALSE
	EndGlobalSection
	GlobalSection(ExtensibilityGlobals) = postSolution
		SolutionGuid = {DBFDFA24-5977-4AEF-AD03-C5B095DCD49F}
	EndGlobalSection
EndGlobal
